// !$*UTF8*$!
{
	archiveVersion = 1;
	classes = {
	};
	objectVersion = 46;
	objects = {

/* Begin PBXBuildFile section */
		1B64A82A1A208D8D00541A01 /* main.m in Sources */ = {isa = PBXBuildFile; fileRef = 1B64A8291A208D8D00541A01 /* main.m */; };
		1B64A82D1A208D8D00541A01 /* AppDelegate.m in Sources */ = {isa = PBXBuildFile; fileRef = 1B64A82C1A208D8D00541A01 /* AppDelegate.m */; };
		1B64A8301A208D8D00541A01 /* ViewController.m in Sources */ = {isa = PBXBuildFile; fileRef = 1B64A82F1A208D8D00541A01 /* ViewController.m */; };
		1B64A8331A208D8D00541A01 /* Main.storyboard in Resources */ = {isa = PBXBuildFile; fileRef = 1B64A8311A208D8D00541A01 /* Main.storyboard */; };
		1B64A8351A208D8D00541A01 /* Images.xcassets in Resources */ = {isa = PBXBuildFile; fileRef = 1B64A8341A208D8D00541A01 /* Images.xcassets */; };
		1B64A8441A208D8D00541A01 /* ChameleonTests.m in Sources */ = {isa = PBXBuildFile; fileRef = 1B64A8431A208D8D00541A01 /* ChameleonTests.m */; };
		1BAC18391A2AD94E00A45FAF /* NoBanksLoginForm.m in Sources */ = {isa = PBXBuildFile; fileRef = 1BAC18371A2AD94E00A45FAF /* NoBanksLoginForm.m */; };
		1BAC183D1A2B460000A45FAF /* GradientBackground.m in Sources */ = {isa = PBXBuildFile; fileRef = 1BAC183C1A2B460000A45FAF /* GradientBackground.m */; };
		1BAD2BCD1A3569E500AF7294 /* XMLRequest.m in Sources */ = {isa = PBXBuildFile; fileRef = 1BAD2BCC1A3569E500AF7294 /* XMLRequest.m */; };
		1BAD2BD41A357B7700AF7294 /* XMLWriter.m in Sources */ = {isa = PBXBuildFile; fileRef = 1BAD2BD31A357B7700AF7294 /* XMLWriter.m */; };
		1BAD2BD71A357BBC00AF7294 /* XSWINodeWriter.m in Sources */ = {isa = PBXBuildFile; fileRef = 1BAD2BD61A357BBC00AF7294 /* XSWINodeWriter.m */; };
		1BADCAED1A2746E1007148B0 /* Bank.m in Sources */ = {isa = PBXBuildFile; fileRef = 1BADCAEC1A2746E1007148B0 /* Bank.m */; };
		1BADCAF01A274A11007148B0 /* BankList.m in Sources */ = {isa = PBXBuildFile; fileRef = 1BADCAEF1A274A11007148B0 /* BankList.m */; };
		1BAF77511A348A39009CEEF9 /* BSConnection.m in Sources */ = {isa = PBXBuildFile; fileRef = 1BAF77501A348A39009CEEF9 /* BSConnection.m */; };
		1BAF77711A34B2F9009CEEF9 /* BankListFromCatalogRequest.m in Sources */ = {isa = PBXBuildFile; fileRef = 1BAF77701A34B2F9009CEEF9 /* BankListFromCatalogRequest.m */; };
		1BB22A7F1A3EBB8800F758D3 /* PingRequest.m in Sources */ = {isa = PBXBuildFile; fileRef = 1BB22A7E1A3EBB8800F758D3 /* PingRequest.m */; };
		1BB22A821A3EBC8000F758D3 /* PingAnswer.m in Sources */ = {isa = PBXBuildFile; fileRef = 1BB22A811A3EBC8000F758D3 /* PingAnswer.m */; };
		1BB6103C1A25AAE30096F7D4 /* ExtendedHitAreaViewContainer.m in Sources */ = {isa = PBXBuildFile; fileRef = 1BB6103B1A25AAE30096F7D4 /* ExtendedHitAreaViewContainer.m */; };
		1BB610501A25C3DE0096F7D4 /* BankCardViewController.m in Sources */ = {isa = PBXBuildFile; fileRef = 1BB6104E1A25C3DE0096F7D4 /* BankCardViewController.m */; };
		1BB610511A25C3DE0096F7D4 /* BankCardViewController.xib in Resources */ = {isa = PBXBuildFile; fileRef = 1BB6104F1A25C3DE0096F7D4 /* BankCardViewController.xib */; };
		1BB610541A25C49D0096F7D4 /* BankCard.m in Sources */ = {isa = PBXBuildFile; fileRef = 1BB610531A25C49D0096F7D4 /* BankCard.m */; };
		1BB610981A25C5980096F7D4 /* CustomField.m in Sources */ = {isa = PBXBuildFile; fileRef = 1BB6108C1A25C5980096F7D4 /* CustomField.m */; };
		1BB610991A25C5980096F7D4 /* CustomizableEntity.m in Sources */ = {isa = PBXBuildFile; fileRef = 1BB6108E1A25C5980096F7D4 /* CustomizableEntity.m */; };
		1BB6109A1A25C5980096F7D4 /* CustomRecord.m in Sources */ = {isa = PBXBuildFile; fileRef = 1BB610901A25C5980096F7D4 /* CustomRecord.m */; };
		1BB6109B1A25C5980096F7D4 /* DataType.m in Sources */ = {isa = PBXBuildFile; fileRef = 1BB610921A25C5980096F7D4 /* DataType.m */; };
		1BB6109C1A25C5980096F7D4 /* Field.m in Sources */ = {isa = PBXBuildFile; fileRef = 1BB610941A25C5980096F7D4 /* Field.m */; };
		1BB6109D1A25C5980096F7D4 /* Value.m in Sources */ = {isa = PBXBuildFile; fileRef = 1BB610971A25C5980096F7D4 /* Value.m */; };
		1BB610A01A25C6070096F7D4 /* FieldDescription.m in Sources */ = {isa = PBXBuildFile; fileRef = 1BB6109F1A25C6070096F7D4 /* FieldDescription.m */; };
		1BB622961A35E514008BFC65 /* LaunchScreen.xib in Resources */ = {isa = PBXBuildFile; fileRef = 1B64A8361A208D8D00541A01 /* LaunchScreen.xib */; };
		1BB69AA81A3C58F800629729 /* AddBankByURLForm.xib in Resources */ = {isa = PBXBuildFile; fileRef = 1BB69AAA1A3C58F800629729 /* AddBankByURLForm.xib */; };
		1BB69AB71A3C5E8000629729 /* AddBankByURLFormStrings.strings in Resources */ = {isa = PBXBuildFile; fileRef = 1BB69AB91A3C5E8000629729 /* AddBankByURLFormStrings.strings */; };
		1BB70BF81A36A45E007711D3 /* BankListFromCatalogAnswer.m in Sources */ = {isa = PBXBuildFile; fileRef = 1BB70BF71A36A45E007711D3 /* BankListFromCatalogAnswer.m */; };
		1BB70BFB1A36A875007711D3 /* CatalogBankInfo.m in Sources */ = {isa = PBXBuildFile; fileRef = 1BB70BFA1A36A875007711D3 /* CatalogBankInfo.m */; };
		1BB70BFE1A36C291007711D3 /* HierarchicalXMLParser.m in Sources */ = {isa = PBXBuildFile; fileRef = 1BB70BFD1A36C291007711D3 /* HierarchicalXMLParser.m */; };
		1BB70C041A36E0DE007711D3 /* XMLAnswer.m in Sources */ = {isa = PBXBuildFile; fileRef = 1BB70C031A36E0DE007711D3 /* XMLAnswer.m */; };
		1BB8BF0D1A283A710063E1AB /* Application.m in Sources */ = {isa = PBXBuildFile; fileRef = 1BB8BF0C1A283A710063E1AB /* Application.m */; };
		1BB8BF111A2843C00063E1AB /* BankConnection.m in Sources */ = {isa = PBXBuildFile; fileRef = 1BB8BF101A2843C00063E1AB /* BankConnection.m */; };
		1BB8BF141A2843E80063E1AB /* Request.m in Sources */ = {isa = PBXBuildFile; fileRef = 1BB8BF131A2843E80063E1AB /* Request.m */; };
		1BB8BF171A2843F80063E1AB /* Answer.m in Sources */ = {isa = PBXBuildFile; fileRef = 1BB8BF161A2843F80063E1AB /* Answer.m */; };
		1BBA5EB91A3943B10072672B /* SelectAddBankForm.xib in Resources */ = {isa = PBXBuildFile; fileRef = 1BBA5EBB1A3943B10072672B /* SelectAddBankForm.xib */; };
		1BBA5EC01A3944A70072672B /* NoBanksLoginForm.xib in Resources */ = {isa = PBXBuildFile; fileRef = 1BBA5EC21A3944A70072672B /* NoBanksLoginForm.xib */; };
		1BBA5ECF1A3968F90072672B /* SelectAddBankFormStrings.strings in Resources */ = {isa = PBXBuildFile; fileRef = 1BBA5ED11A3968F90072672B /* SelectAddBankFormStrings.strings */; };
		1BBA5ED41A396EA50072672B /* config.plist in Resources */ = {isa = PBXBuildFile; fileRef = 1BBA5ED31A396EA50072672B /* config.plist */; };
		1BBF6D371A3AD69C00CE6797 /* AddBankByURLForm.m in Sources */ = {isa = PBXBuildFile; fileRef = 1BBF6D351A3AD69C00CE6797 /* AddBankByURLForm.m */; };
		1BC543941A2EF09F002AE8A3 /* SelectAddBankForm.m in Sources */ = {isa = PBXBuildFile; fileRef = 1BC543921A2EF09F002AE8A3 /* SelectAddBankForm.m */; };
		1BF6DADC1A3836E100482F7A /* BankImageFromCatalogAnswer.m in Sources */ = {isa = PBXBuildFile; fileRef = 1BF6DADB1A3836E100482F7A /* BankImageFromCatalogAnswer.m */; };
		1BF6DADF1A38370700482F7A /* BankImageFromCatalogRequest.m in Sources */ = {isa = PBXBuildFile; fileRef = 1BF6DADE1A38370700482F7A /* BankImageFromCatalogRequest.m */; };
/* End PBXBuildFile section */

/* Begin PBXContainerItemProxy section */
		1B64A83E1A208D8D00541A01 /* PBXContainerItemProxy */ = {
			isa = PBXContainerItemProxy;
			containerPortal = 1B64A81C1A208D8D00541A01 /* Project object */;
			proxyType = 1;
			remoteGlobalIDString = 1B64A8231A208D8D00541A01;
			remoteInfo = Chameleon;
		};
/* End PBXContainerItemProxy section */

/* Begin PBXFileReference section */
		1B64A8241A208D8D00541A01 /* Chameleon.app */ = {isa = PBXFileReference; explicitFileType = wrapper.application; includeInIndex = 0; path = Chameleon.app; sourceTree = BUILT_PRODUCTS_DIR; };
		1B64A8281A208D8D00541A01 /* Info.plist */ = {isa = PBXFileReference; lastKnownFileType = text.plist.xml; path = Info.plist; sourceTree = "<group>"; };
		1B64A8291A208D8D00541A01 /* main.m */ = {isa = PBXFileReference; lastKnownFileType = sourcecode.c.objc; path = main.m; sourceTree = "<group>"; };
		1B64A82B1A208D8D00541A01 /* AppDelegate.h */ = {isa = PBXFileReference; lastKnownFileType = sourcecode.c.h; path = AppDelegate.h; sourceTree = "<group>"; };
		1B64A82C1A208D8D00541A01 /* AppDelegate.m */ = {isa = PBXFileReference; lastKnownFileType = sourcecode.c.objc; path = AppDelegate.m; sourceTree = "<group>"; };
		1B64A82E1A208D8D00541A01 /* ViewController.h */ = {isa = PBXFileReference; lastKnownFileType = sourcecode.c.h; path = ViewController.h; sourceTree = "<group>"; };
		1B64A82F1A208D8D00541A01 /* ViewController.m */ = {isa = PBXFileReference; lastKnownFileType = sourcecode.c.objc; path = ViewController.m; sourceTree = "<group>"; };
		1B64A8321A208D8D00541A01 /* Base */ = {isa = PBXFileReference; lastKnownFileType = file.storyboard; name = Base; path = Base.lproj/Main.storyboard; sourceTree = "<group>"; };
		1B64A8341A208D8D00541A01 /* Images.xcassets */ = {isa = PBXFileReference; lastKnownFileType = folder.assetcatalog; path = Images.xcassets; sourceTree = "<group>"; };
		1B64A8371A208D8D00541A01 /* Base */ = {isa = PBXFileReference; lastKnownFileType = file.xib; name = Base; path = Base.lproj/LaunchScreen.xib; sourceTree = "<group>"; };
		1B64A83D1A208D8D00541A01 /* ChameleonTests.xctest */ = {isa = PBXFileReference; explicitFileType = wrapper.cfbundle; includeInIndex = 0; path = ChameleonTests.xctest; sourceTree = BUILT_PRODUCTS_DIR; };
		1B64A8421A208D8D00541A01 /* Info.plist */ = {isa = PBXFileReference; lastKnownFileType = text.plist.xml; path = Info.plist; sourceTree = "<group>"; };
		1B64A8431A208D8D00541A01 /* ChameleonTests.m */ = {isa = PBXFileReference; lastKnownFileType = sourcecode.c.objc; path = ChameleonTests.m; sourceTree = "<group>"; };
		1BAC18361A2AD94E00A45FAF /* NoBanksLoginForm.h */ = {isa = PBXFileReference; fileEncoding = 4; lastKnownFileType = sourcecode.c.h; path = NoBanksLoginForm.h; sourceTree = "<group>"; };
		1BAC18371A2AD94E00A45FAF /* NoBanksLoginForm.m */ = {isa = PBXFileReference; fileEncoding = 4; lastKnownFileType = sourcecode.c.objc; path = NoBanksLoginForm.m; sourceTree = "<group>"; };
		1BAC183B1A2B460000A45FAF /* GradientBackground.h */ = {isa = PBXFileReference; fileEncoding = 4; lastKnownFileType = sourcecode.c.h; path = GradientBackground.h; sourceTree = "<group>"; };
		1BAC183C1A2B460000A45FAF /* GradientBackground.m */ = {isa = PBXFileReference; fileEncoding = 4; lastKnownFileType = sourcecode.c.objc; path = GradientBackground.m; sourceTree = "<group>"; };
		1BAD2BCB1A3569E500AF7294 /* XMLRequest.h */ = {isa = PBXFileReference; fileEncoding = 4; lastKnownFileType = sourcecode.c.h; path = XMLRequest.h; sourceTree = "<group>"; };
		1BAD2BCC1A3569E500AF7294 /* XMLRequest.m */ = {isa = PBXFileReference; fileEncoding = 4; lastKnownFileType = sourcecode.c.objc; path = XMLRequest.m; sourceTree = "<group>"; };
		1BAD2BCF1A3578EF00AF7294 /* XMLNodeWriter.h */ = {isa = PBXFileReference; lastKnownFileType = sourcecode.c.h; path = XMLNodeWriter.h; sourceTree = "<group>"; };
		1BAD2BD21A357B7700AF7294 /* XMLWriter.h */ = {isa = PBXFileReference; fileEncoding = 4; lastKnownFileType = sourcecode.c.h; path = XMLWriter.h; sourceTree = "<group>"; };
		1BAD2BD31A357B7700AF7294 /* XMLWriter.m */ = {isa = PBXFileReference; fileEncoding = 4; lastKnownFileType = sourcecode.c.objc; path = XMLWriter.m; sourceTree = "<group>"; };
		1BAD2BD51A357BBC00AF7294 /* XSWINodeWriter.h */ = {isa = PBXFileReference; fileEncoding = 4; lastKnownFileType = sourcecode.c.h; path = XSWINodeWriter.h; sourceTree = "<group>"; };
		1BAD2BD61A357BBC00AF7294 /* XSWINodeWriter.m */ = {isa = PBXFileReference; fileEncoding = 4; lastKnownFileType = sourcecode.c.objc; path = XSWINodeWriter.m; sourceTree = "<group>"; };
		1BADCAEB1A2746E1007148B0 /* Bank.h */ = {isa = PBXFileReference; fileEncoding = 4; lastKnownFileType = sourcecode.c.h; path = Bank.h; sourceTree = "<group>"; };
		1BADCAEC1A2746E1007148B0 /* Bank.m */ = {isa = PBXFileReference; fileEncoding = 4; lastKnownFileType = sourcecode.c.objc; path = Bank.m; sourceTree = "<group>"; };
		1BADCAEE1A274A11007148B0 /* BankList.h */ = {isa = PBXFileReference; fileEncoding = 4; lastKnownFileType = sourcecode.c.h; path = BankList.h; sourceTree = "<group>"; };
		1BADCAEF1A274A11007148B0 /* BankList.m */ = {isa = PBXFileReference; fileEncoding = 4; lastKnownFileType = sourcecode.c.objc; path = BankList.m; sourceTree = "<group>"; };
		1BAF774F1A348A39009CEEF9 /* BSConnection.h */ = {isa = PBXFileReference; fileEncoding = 4; lastKnownFileType = sourcecode.c.h; path = BSConnection.h; sourceTree = "<group>"; };
		1BAF77501A348A39009CEEF9 /* BSConnection.m */ = {isa = PBXFileReference; fileEncoding = 4; lastKnownFileType = sourcecode.c.objc; path = BSConnection.m; sourceTree = "<group>"; };
		1BAF776F1A34B2F9009CEEF9 /* BankListFromCatalogRequest.h */ = {isa = PBXFileReference; fileEncoding = 4; lastKnownFileType = sourcecode.c.h; path = BankListFromCatalogRequest.h; sourceTree = "<group>"; };
		1BAF77701A34B2F9009CEEF9 /* BankListFromCatalogRequest.m */ = {isa = PBXFileReference; fileEncoding = 4; lastKnownFileType = sourcecode.c.objc; path = BankListFromCatalogRequest.m; sourceTree = "<group>"; };
		1BB22A7D1A3EBB8800F758D3 /* PingRequest.h */ = {isa = PBXFileReference; fileEncoding = 4; lastKnownFileType = sourcecode.c.h; path = PingRequest.h; sourceTree = "<group>"; };
		1BB22A7E1A3EBB8800F758D3 /* PingRequest.m */ = {isa = PBXFileReference; fileEncoding = 4; lastKnownFileType = sourcecode.c.objc; path = PingRequest.m; sourceTree = "<group>"; };
		1BB22A801A3EBC8000F758D3 /* PingAnswer.h */ = {isa = PBXFileReference; fileEncoding = 4; lastKnownFileType = sourcecode.c.h; path = PingAnswer.h; sourceTree = "<group>"; };
		1BB22A811A3EBC8000F758D3 /* PingAnswer.m */ = {isa = PBXFileReference; fileEncoding = 4; lastKnownFileType = sourcecode.c.objc; path = PingAnswer.m; sourceTree = "<group>"; };
		1BB6103A1A25AAE30096F7D4 /* ExtendedHitAreaViewContainer.h */ = {isa = PBXFileReference; fileEncoding = 4; lastKnownFileType = sourcecode.c.h; path = ExtendedHitAreaViewContainer.h; sourceTree = "<group>"; };
		1BB6103B1A25AAE30096F7D4 /* ExtendedHitAreaViewContainer.m */ = {isa = PBXFileReference; fileEncoding = 4; lastKnownFileType = sourcecode.c.objc; path = ExtendedHitAreaViewContainer.m; sourceTree = "<group>"; };
		1BB6104D1A25C3DE0096F7D4 /* BankCardViewController.h */ = {isa = PBXFileReference; fileEncoding = 4; lastKnownFileType = sourcecode.c.h; path = BankCardViewController.h; sourceTree = "<group>"; };
		1BB6104E1A25C3DE0096F7D4 /* BankCardViewController.m */ = {isa = PBXFileReference; fileEncoding = 4; lastKnownFileType = sourcecode.c.objc; path = BankCardViewController.m; sourceTree = "<group>"; };
		1BB6104F1A25C3DE0096F7D4 /* BankCardViewController.xib */ = {isa = PBXFileReference; fileEncoding = 4; lastKnownFileType = file.xib; path = BankCardViewController.xib; sourceTree = "<group>"; };
		1BB610521A25C49D0096F7D4 /* BankCard.h */ = {isa = PBXFileReference; fileEncoding = 4; lastKnownFileType = sourcecode.c.h; path = BankCard.h; sourceTree = "<group>"; };
		1BB610531A25C49D0096F7D4 /* BankCard.m */ = {isa = PBXFileReference; fileEncoding = 4; lastKnownFileType = sourcecode.c.objc; path = BankCard.m; sourceTree = "<group>"; };
		1BB6108B1A25C5980096F7D4 /* CustomField.h */ = {isa = PBXFileReference; fileEncoding = 4; lastKnownFileType = sourcecode.c.h; path = CustomField.h; sourceTree = "<group>"; };
		1BB6108C1A25C5980096F7D4 /* CustomField.m */ = {isa = PBXFileReference; fileEncoding = 4; lastKnownFileType = sourcecode.c.objc; path = CustomField.m; sourceTree = "<group>"; };
		1BB6108D1A25C5980096F7D4 /* CustomizableEntity.h */ = {isa = PBXFileReference; fileEncoding = 4; lastKnownFileType = sourcecode.c.h; path = CustomizableEntity.h; sourceTree = "<group>"; };
		1BB6108E1A25C5980096F7D4 /* CustomizableEntity.m */ = {isa = PBXFileReference; fileEncoding = 4; lastKnownFileType = sourcecode.c.objc; path = CustomizableEntity.m; sourceTree = "<group>"; };
		1BB6108F1A25C5980096F7D4 /* CustomRecord.h */ = {isa = PBXFileReference; fileEncoding = 4; lastKnownFileType = sourcecode.c.h; path = CustomRecord.h; sourceTree = "<group>"; };
		1BB610901A25C5980096F7D4 /* CustomRecord.m */ = {isa = PBXFileReference; fileEncoding = 4; lastKnownFileType = sourcecode.c.objc; path = CustomRecord.m; sourceTree = "<group>"; };
		1BB610911A25C5980096F7D4 /* DataType.h */ = {isa = PBXFileReference; fileEncoding = 4; lastKnownFileType = sourcecode.c.h; path = DataType.h; sourceTree = "<group>"; };
		1BB610921A25C5980096F7D4 /* DataType.m */ = {isa = PBXFileReference; fileEncoding = 4; lastKnownFileType = sourcecode.c.objc; path = DataType.m; sourceTree = "<group>"; };
		1BB610931A25C5980096F7D4 /* Field.h */ = {isa = PBXFileReference; fileEncoding = 4; lastKnownFileType = sourcecode.c.h; path = Field.h; sourceTree = "<group>"; };
		1BB610941A25C5980096F7D4 /* Field.m */ = {isa = PBXFileReference; fileEncoding = 4; lastKnownFileType = sourcecode.c.objc; path = Field.m; sourceTree = "<group>"; };
		1BB610951A25C5980096F7D4 /* IRecord.h */ = {isa = PBXFileReference; fileEncoding = 4; lastKnownFileType = sourcecode.c.h; path = IRecord.h; sourceTree = "<group>"; };
		1BB610961A25C5980096F7D4 /* Value.h */ = {isa = PBXFileReference; fileEncoding = 4; lastKnownFileType = sourcecode.c.h; path = Value.h; sourceTree = "<group>"; };
		1BB610971A25C5980096F7D4 /* Value.m */ = {isa = PBXFileReference; fileEncoding = 4; lastKnownFileType = sourcecode.c.objc; path = Value.m; sourceTree = "<group>"; };
		1BB6109E1A25C6070096F7D4 /* FieldDescription.h */ = {isa = PBXFileReference; fileEncoding = 4; lastKnownFileType = sourcecode.c.h; path = FieldDescription.h; sourceTree = "<group>"; };
		1BB6109F1A25C6070096F7D4 /* FieldDescription.m */ = {isa = PBXFileReference; fileEncoding = 4; lastKnownFileType = sourcecode.c.objc; path = FieldDescription.m; sourceTree = "<group>"; };
		1BB69AA91A3C58F800629729 /* Base */ = {isa = PBXFileReference; lastKnownFileType = file.xib; name = Base; path = Base.lproj/AddBankByURLForm.xib; sourceTree = "<group>"; };
		1BB69AAC1A3C58FB00629729 /* en */ = {isa = PBXFileReference; lastKnownFileType = text.plist.strings; name = en; path = en.lproj/AddBankByURLForm.strings; sourceTree = "<group>"; };
		1BB69AB81A3C5E8000629729 /* Base */ = {isa = PBXFileReference; lastKnownFileType = text.plist.strings; name = Base; path = Base.lproj/AddBankByURLFormStrings.strings; sourceTree = "<group>"; };
		1BB69ABA1A3C5E8200629729 /* en */ = {isa = PBXFileReference; lastKnownFileType = text.plist.strings; name = en; path = en.lproj/AddBankByURLFormStrings.strings; sourceTree = "<group>"; };
		1BB70BF61A36A45E007711D3 /* BankListFromCatalogAnswer.h */ = {isa = PBXFileReference; fileEncoding = 4; lastKnownFileType = sourcecode.c.h; path = BankListFromCatalogAnswer.h; sourceTree = "<group>"; };
		1BB70BF71A36A45E007711D3 /* BankListFromCatalogAnswer.m */ = {isa = PBXFileReference; fileEncoding = 4; lastKnownFileType = sourcecode.c.objc; path = BankListFromCatalogAnswer.m; sourceTree = "<group>"; };
		1BB70BF91A36A875007711D3 /* CatalogBankInfo.h */ = {isa = PBXFileReference; fileEncoding = 4; lastKnownFileType = sourcecode.c.h; path = CatalogBankInfo.h; sourceTree = "<group>"; };
		1BB70BFA1A36A875007711D3 /* CatalogBankInfo.m */ = {isa = PBXFileReference; fileEncoding = 4; lastKnownFileType = sourcecode.c.objc; path = CatalogBankInfo.m; sourceTree = "<group>"; };
		1BB70BFC1A36C291007711D3 /* HierarchicalXMLParser.h */ = {isa = PBXFileReference; fileEncoding = 4; lastKnownFileType = sourcecode.c.h; path = HierarchicalXMLParser.h; sourceTree = "<group>"; };
		1BB70BFD1A36C291007711D3 /* HierarchicalXMLParser.m */ = {isa = PBXFileReference; fileEncoding = 4; lastKnownFileType = sourcecode.c.objc; path = HierarchicalXMLParser.m; sourceTree = "<group>"; };
		1BB70C021A36E0DE007711D3 /* XMLAnswer.h */ = {isa = PBXFileReference; fileEncoding = 4; lastKnownFileType = sourcecode.c.h; path = XMLAnswer.h; sourceTree = "<group>"; };
		1BB70C031A36E0DE007711D3 /* XMLAnswer.m */ = {isa = PBXFileReference; fileEncoding = 4; lastKnownFileType = sourcecode.c.objc; path = XMLAnswer.m; sourceTree = "<group>"; };
		1BB8BF0B1A283A710063E1AB /* Application.h */ = {isa = PBXFileReference; fileEncoding = 4; lastKnownFileType = sourcecode.c.h; path = Application.h; sourceTree = "<group>"; };
		1BB8BF0C1A283A710063E1AB /* Application.m */ = {isa = PBXFileReference; fileEncoding = 4; lastKnownFileType = sourcecode.c.objc; path = Application.m; sourceTree = "<group>"; };
		1BB8BF0F1A2843C00063E1AB /* BankConnection.h */ = {isa = PBXFileReference; fileEncoding = 4; lastKnownFileType = sourcecode.c.h; path = BankConnection.h; sourceTree = "<group>"; };
		1BB8BF101A2843C00063E1AB /* BankConnection.m */ = {isa = PBXFileReference; fileEncoding = 4; lastKnownFileType = sourcecode.c.objc; path = BankConnection.m; sourceTree = "<group>"; };
		1BB8BF121A2843E80063E1AB /* Request.h */ = {isa = PBXFileReference; fileEncoding = 4; lastKnownFileType = sourcecode.c.h; path = Request.h; sourceTree = "<group>"; };
		1BB8BF131A2843E80063E1AB /* Request.m */ = {isa = PBXFileReference; fileEncoding = 4; lastKnownFileType = sourcecode.c.objc; path = Request.m; sourceTree = "<group>"; };
		1BB8BF151A2843F80063E1AB /* Answer.h */ = {isa = PBXFileReference; fileEncoding = 4; lastKnownFileType = sourcecode.c.h; path = Answer.h; sourceTree = "<group>"; };
		1BB8BF161A2843F80063E1AB /* Answer.m */ = {isa = PBXFileReference; fileEncoding = 4; lastKnownFileType = sourcecode.c.objc; path = Answer.m; sourceTree = "<group>"; };
		1BBA5EB61A3940F30072672B /* en */ = {isa = PBXFileReference; lastKnownFileType = text.plist.strings; name = en; path = en.lproj/LaunchScreen.strings; sourceTree = "<group>"; };
		1BBA5EB71A39433C0072672B /* ru */ = {isa = PBXFileReference; lastKnownFileType = text.plist.strings; name = ru; path = ru.lproj/Main.strings; sourceTree = "<group>"; };
		1BBA5EBA1A3943B10072672B /* Base */ = {isa = PBXFileReference; lastKnownFileType = file.xib; name = Base; path = Base.lproj/SelectAddBankForm.xib; sourceTree = "<group>"; };
		1BBA5EBD1A3943BE0072672B /* en */ = {isa = PBXFileReference; lastKnownFileType = text.plist.strings; name = en; path = en.lproj/SelectAddBankForm.strings; sourceTree = "<group>"; };
		1BBA5EC11A3944A70072672B /* Base */ = {isa = PBXFileReference; lastKnownFileType = file.xib; name = Base; path = Base.lproj/NoBanksLoginForm.xib; sourceTree = "<group>"; };
		1BBA5EC41A3944AB0072672B /* en */ = {isa = PBXFileReference; lastKnownFileType = text.plist.strings; name = en; path = en.lproj/NoBanksLoginForm.strings; sourceTree = "<group>"; };
		1BBA5ED01A3968F90072672B /* Base */ = {isa = PBXFileReference; lastKnownFileType = text.plist.strings; name = Base; path = Base.lproj/SelectAddBankFormStrings.strings; sourceTree = "<group>"; };
		1BBA5ED21A3968FB0072672B /* en */ = {isa = PBXFileReference; lastKnownFileType = text.plist.strings; name = en; path = en.lproj/SelectAddBankFormStrings.strings; sourceTree = "<group>"; };
		1BBA5ED31A396EA50072672B /* config.plist */ = {isa = PBXFileReference; fileEncoding = 4; lastKnownFileType = text.plist.xml; path = config.plist; sourceTree = "<group>"; };
		1BBF6D341A3AD69C00CE6797 /* AddBankByURLForm.h */ = {isa = PBXFileReference; fileEncoding = 4; lastKnownFileType = sourcecode.c.h; path = AddBankByURLForm.h; sourceTree = "<group>"; };
		1BBF6D351A3AD69C00CE6797 /* AddBankByURLForm.m */ = {isa = PBXFileReference; fileEncoding = 4; lastKnownFileType = sourcecode.c.objc; path = AddBankByURLForm.m; sourceTree = "<group>"; };
		1BC543911A2EF09F002AE8A3 /* SelectAddBankForm.h */ = {isa = PBXFileReference; fileEncoding = 4; lastKnownFileType = sourcecode.c.h; path = SelectAddBankForm.h; sourceTree = "<group>"; };
		1BC543921A2EF09F002AE8A3 /* SelectAddBankForm.m */ = {isa = PBXFileReference; fileEncoding = 4; lastKnownFileType = sourcecode.c.objc; path = SelectAddBankForm.m; sourceTree = "<group>"; };
		1BF6DADA1A3836E100482F7A /* BankImageFromCatalogAnswer.h */ = {isa = PBXFileReference; fileEncoding = 4; lastKnownFileType = sourcecode.c.h; path = BankImageFromCatalogAnswer.h; sourceTree = "<group>"; };
		1BF6DADB1A3836E100482F7A /* BankImageFromCatalogAnswer.m */ = {isa = PBXFileReference; fileEncoding = 4; lastKnownFileType = sourcecode.c.objc; path = BankImageFromCatalogAnswer.m; sourceTree = "<group>"; };
		1BF6DADD1A38370700482F7A /* BankImageFromCatalogRequest.h */ = {isa = PBXFileReference; fileEncoding = 4; lastKnownFileType = sourcecode.c.h; path = BankImageFromCatalogRequest.h; sourceTree = "<group>"; };
		1BF6DADE1A38370700482F7A /* BankImageFromCatalogRequest.m */ = {isa = PBXFileReference; fileEncoding = 4; lastKnownFileType = sourcecode.c.objc; path = BankImageFromCatalogRequest.m; sourceTree = "<group>"; };
/* End PBXFileReference section */

/* Begin PBXFrameworksBuildPhase section */
		1B64A8211A208D8D00541A01 /* Frameworks */ = {
			isa = PBXFrameworksBuildPhase;
			buildActionMask = 2147483647;
			files = (
			);
			runOnlyForDeploymentPostprocessing = 0;
		};
		1B64A83A1A208D8D00541A01 /* Frameworks */ = {
			isa = PBXFrameworksBuildPhase;
			buildActionMask = 2147483647;
			files = (
			);
			runOnlyForDeploymentPostprocessing = 0;
		};
/* End PBXFrameworksBuildPhase section */

/* Begin PBXGroup section */
		1B64A81B1A208D8D00541A01 = {
			isa = PBXGroup;
			children = (
				1B64A8261A208D8D00541A01 /* Chameleon */,
				1B64A8401A208D8D00541A01 /* ChameleonTests */,
				1B64A8251A208D8D00541A01 /* Products */,
			);
			sourceTree = "<group>";
		};
		1B64A8251A208D8D00541A01 /* Products */ = {
			isa = PBXGroup;
			children = (
				1B64A8241A208D8D00541A01 /* Chameleon.app */,
				1B64A83D1A208D8D00541A01 /* ChameleonTests.xctest */,
			);
			name = Products;
			sourceTree = "<group>";
		};
		1B64A8261A208D8D00541A01 /* Chameleon */ = {
			isa = PBXGroup;
			children = (
				1BAD2BD01A357B7700AF7294 /* External */,
				1BAD2BCE1A35787700AF7294 /* XML */,
				1BAC18331A2AD86D00A45FAF /* Visual */,
				1BB8BF0E1A28439A0063E1AB /* Network */,
				1BB8BF0A1A283A340063E1AB /* Application */,
				1BADCAEA1A2746CF007148B0 /* Model */,
				1BB6108A1A25C5980096F7D4 /* Core */,
				1BB610421A25C2E20096F7D4 /* Modules */,
				1B64A82B1A208D8D00541A01 /* AppDelegate.h */,
				1B64A82C1A208D8D00541A01 /* AppDelegate.m */,
				1B64A82E1A208D8D00541A01 /* ViewController.h */,
				1B64A82F1A208D8D00541A01 /* ViewController.m */,
				1B64A8311A208D8D00541A01 /* Main.storyboard */,
				1B64A8341A208D8D00541A01 /* Images.xcassets */,
				1B64A8361A208D8D00541A01 /* LaunchScreen.xib */,
				1B64A8271A208D8D00541A01 /* Supporting Files */,
				1BB6103A1A25AAE30096F7D4 /* ExtendedHitAreaViewContainer.h */,
				1BB6103B1A25AAE30096F7D4 /* ExtendedHitAreaViewContainer.m */,
				1BBA5ED31A396EA50072672B /* config.plist */,
			);
			path = Chameleon;
			sourceTree = "<group>";
		};
		1B64A8271A208D8D00541A01 /* Supporting Files */ = {
			isa = PBXGroup;
			children = (
				1B64A8281A208D8D00541A01 /* Info.plist */,
				1B64A8291A208D8D00541A01 /* main.m */,
			);
			name = "Supporting Files";
			sourceTree = "<group>";
		};
		1B64A8401A208D8D00541A01 /* ChameleonTests */ = {
			isa = PBXGroup;
			children = (
				1B64A8431A208D8D00541A01 /* ChameleonTests.m */,
				1B64A8411A208D8D00541A01 /* Supporting Files */,
			);
			path = ChameleonTests;
			sourceTree = "<group>";
		};
		1B64A8411A208D8D00541A01 /* Supporting Files */ = {
			isa = PBXGroup;
			children = (
				1B64A8421A208D8D00541A01 /* Info.plist */,
			);
			name = "Supporting Files";
			sourceTree = "<group>";
		};
		1BAC18331A2AD86D00A45FAF /* Visual */ = {
			isa = PBXGroup;
			children = (
				1BAC18361A2AD94E00A45FAF /* NoBanksLoginForm.h */,
				1BAC18371A2AD94E00A45FAF /* NoBanksLoginForm.m */,
				1BBA5EC21A3944A70072672B /* NoBanksLoginForm.xib */,
				1BAC183B1A2B460000A45FAF /* GradientBackground.h */,
				1BAC183C1A2B460000A45FAF /* GradientBackground.m */,
				1BC543911A2EF09F002AE8A3 /* SelectAddBankForm.h */,
				1BC543921A2EF09F002AE8A3 /* SelectAddBankForm.m */,
				1BBA5EBB1A3943B10072672B /* SelectAddBankForm.xib */,
				1BBA5ED11A3968F90072672B /* SelectAddBankFormStrings.strings */,
				1BBF6D341A3AD69C00CE6797 /* AddBankByURLForm.h */,
				1BBF6D351A3AD69C00CE6797 /* AddBankByURLForm.m */,
				1BB69AAA1A3C58F800629729 /* AddBankByURLForm.xib */,
				1BB69AB91A3C5E8000629729 /* AddBankByURLFormStrings.strings */,
			);
			path = Visual;
			sourceTree = "<group>";
		};
		1BAD2BCE1A35787700AF7294 /* XML */ = {
			isa = PBXGroup;
			children = (
				1BAD2BCF1A3578EF00AF7294 /* XMLNodeWriter.h */,
				1BAD2BD51A357BBC00AF7294 /* XSWINodeWriter.h */,
				1BAD2BD61A357BBC00AF7294 /* XSWINodeWriter.m */,
				1BB70BFC1A36C291007711D3 /* HierarchicalXMLParser.h */,
				1BB70BFD1A36C291007711D3 /* HierarchicalXMLParser.m */,
			);
			path = XML;
			sourceTree = "<group>";
		};
		1BAD2BD01A357B7700AF7294 /* External */ = {
			isa = PBXGroup;
			children = (
				1BAD2BD11A357B7700AF7294 /* XSWI */,
			);
			path = External;
			sourceTree = "<group>";
		};
		1BAD2BD11A357B7700AF7294 /* XSWI */ = {
			isa = PBXGroup;
			children = (
				1BAD2BD21A357B7700AF7294 /* XMLWriter.h */,
				1BAD2BD31A357B7700AF7294 /* XMLWriter.m */,
			);
			path = XSWI;
			sourceTree = "<group>";
		};
		1BADCAEA1A2746CF007148B0 /* Model */ = {
			isa = PBXGroup;
			children = (
				1BADCAEB1A2746E1007148B0 /* Bank.h */,
				1BADCAEC1A2746E1007148B0 /* Bank.m */,
				1BADCAEE1A274A11007148B0 /* BankList.h */,
				1BADCAEF1A274A11007148B0 /* BankList.m */,
				1BB70BF91A36A875007711D3 /* CatalogBankInfo.h */,
				1BB70BFA1A36A875007711D3 /* CatalogBankInfo.m */,
			);
			path = Model;
			sourceTree = "<group>";
		};
		1BAF776E1A34B2BC009CEEF9 /* Requests */ = {
			isa = PBXGroup;
			children = (
				1BAF776F1A34B2F9009CEEF9 /* BankListFromCatalogRequest.h */,
				1BAF77701A34B2F9009CEEF9 /* BankListFromCatalogRequest.m */,
				1BB70BF61A36A45E007711D3 /* BankListFromCatalogAnswer.h */,
				1BB70BF71A36A45E007711D3 /* BankListFromCatalogAnswer.m */,
				1BF6DADA1A3836E100482F7A /* BankImageFromCatalogAnswer.h */,
				1BF6DADB1A3836E100482F7A /* BankImageFromCatalogAnswer.m */,
				1BF6DADD1A38370700482F7A /* BankImageFromCatalogRequest.h */,
				1BF6DADE1A38370700482F7A /* BankImageFromCatalogRequest.m */,
				1BB22A7D1A3EBB8800F758D3 /* PingRequest.h */,
				1BB22A7E1A3EBB8800F758D3 /* PingRequest.m */,
				1BB22A801A3EBC8000F758D3 /* PingAnswer.h */,
				1BB22A811A3EBC8000F758D3 /* PingAnswer.m */,
			);
			path = Requests;
			sourceTree = "<group>";
		};
		1BB610421A25C2E20096F7D4 /* Modules */ = {
			isa = PBXGroup;
			children = (
				1BB610431A25C2E20096F7D4 /* Login */,
			);
			path = Modules;
			sourceTree = "<group>";
		};
		1BB610431A25C2E20096F7D4 /* Login */ = {
			isa = PBXGroup;
			children = (
				1BB6104C1A25C3C50096F7D4 /* Visual */,
				1BB610521A25C49D0096F7D4 /* BankCard.h */,
				1BB610531A25C49D0096F7D4 /* BankCard.m */,
			);
			path = Login;
			sourceTree = "<group>";
		};
		1BB6104C1A25C3C50096F7D4 /* Visual */ = {
			isa = PBXGroup;
			children = (
				1BB6104D1A25C3DE0096F7D4 /* BankCardViewController.h */,
				1BB6104E1A25C3DE0096F7D4 /* BankCardViewController.m */,
				1BB6104F1A25C3DE0096F7D4 /* BankCardViewController.xib */,
			);
			path = Visual;
			sourceTree = "<group>";
		};
		1BB6108A1A25C5980096F7D4 /* Core */ = {
			isa = PBXGroup;
			children = (
				1BB6108B1A25C5980096F7D4 /* CustomField.h */,
				1BB6108C1A25C5980096F7D4 /* CustomField.m */,
				1BB6108D1A25C5980096F7D4 /* CustomizableEntity.h */,
				1BB6108E1A25C5980096F7D4 /* CustomizableEntity.m */,
				1BB6108F1A25C5980096F7D4 /* CustomRecord.h */,
				1BB610901A25C5980096F7D4 /* CustomRecord.m */,
				1BB610911A25C5980096F7D4 /* DataType.h */,
				1BB610921A25C5980096F7D4 /* DataType.m */,
				1BB610931A25C5980096F7D4 /* Field.h */,
				1BB610941A25C5980096F7D4 /* Field.m */,
				1BB610951A25C5980096F7D4 /* IRecord.h */,
				1BB610961A25C5980096F7D4 /* Value.h */,
				1BB610971A25C5980096F7D4 /* Value.m */,
				1BB6109E1A25C6070096F7D4 /* FieldDescription.h */,
				1BB6109F1A25C6070096F7D4 /* FieldDescription.m */,
			);
			path = Core;
			sourceTree = "<group>";
		};
		1BB8BF0A1A283A340063E1AB /* Application */ = {
			isa = PBXGroup;
			children = (
				1BB8BF0B1A283A710063E1AB /* Application.h */,
				1BB8BF0C1A283A710063E1AB /* Application.m */,
			);
			path = Application;
			sourceTree = "<group>";
		};
		1BB8BF0E1A28439A0063E1AB /* Network */ = {
			isa = PBXGroup;
			children = (
				1BAF776E1A34B2BC009CEEF9 /* Requests */,
				1BB8BF0F1A2843C00063E1AB /* BankConnection.h */,
				1BB8BF101A2843C00063E1AB /* BankConnection.m */,
				1BB8BF121A2843E80063E1AB /* Request.h */,
				1BB8BF131A2843E80063E1AB /* Request.m */,
				1BB8BF151A2843F80063E1AB /* Answer.h */,
				1BB8BF161A2843F80063E1AB /* Answer.m */,
				1BAF774F1A348A39009CEEF9 /* BSConnection.h */,
				1BAF77501A348A39009CEEF9 /* BSConnection.m */,
				1BAD2BCB1A3569E500AF7294 /* XMLRequest.h */,
				1BAD2BCC1A3569E500AF7294 /* XMLRequest.m */,
				1BB70C021A36E0DE007711D3 /* XMLAnswer.h */,
				1BB70C031A36E0DE007711D3 /* XMLAnswer.m */,
			);
			name = Network;
			path = Chameleon/Network;
			sourceTree = SOURCE_ROOT;
		};
/* End PBXGroup section */

/* Begin PBXNativeTarget section */
		1B64A8231A208D8D00541A01 /* Chameleon */ = {
			isa = PBXNativeTarget;
			buildConfigurationList = 1B64A8471A208D8D00541A01 /* Build configuration list for PBXNativeTarget "Chameleon" */;
			buildPhases = (
				1B64A8201A208D8D00541A01 /* Sources */,
				1B64A8211A208D8D00541A01 /* Frameworks */,
				1B64A8221A208D8D00541A01 /* Resources */,
			);
			buildRules = (
			);
			dependencies = (
			);
			name = Chameleon;
			productName = Chameleon;
			productReference = 1B64A8241A208D8D00541A01 /* Chameleon.app */;
			productType = "com.apple.product-type.application";
		};
		1B64A83C1A208D8D00541A01 /* ChameleonTests */ = {
			isa = PBXNativeTarget;
			buildConfigurationList = 1B64A84A1A208D8D00541A01 /* Build configuration list for PBXNativeTarget "ChameleonTests" */;
			buildPhases = (
				1B64A8391A208D8D00541A01 /* Sources */,
				1B64A83A1A208D8D00541A01 /* Frameworks */,
				1B64A83B1A208D8D00541A01 /* Resources */,
			);
			buildRules = (
			);
			dependencies = (
				1B64A83F1A208D8D00541A01 /* PBXTargetDependency */,
			);
			name = ChameleonTests;
			productName = ChameleonTests;
			productReference = 1B64A83D1A208D8D00541A01 /* ChameleonTests.xctest */;
			productType = "com.apple.product-type.bundle.unit-test";
		};
/* End PBXNativeTarget section */

/* Begin PBXProject section */
		1B64A81C1A208D8D00541A01 /* Project object */ = {
			isa = PBXProject;
			attributes = {
				LastUpgradeCheck = 0610;
				ORGANIZATIONNAME = Volchik;
				TargetAttributes = {
					1B64A8231A208D8D00541A01 = {
						CreatedOnToolsVersion = 6.1;
						SystemCapabilities = {
							com.apple.Maps.iOS = {
								enabled = 0;
							};
						};
					};
					1B64A83C1A208D8D00541A01 = {
						CreatedOnToolsVersion = 6.1;
						TestTargetID = 1B64A8231A208D8D00541A01;
					};
				};
			};
			buildConfigurationList = 1B64A81F1A208D8D00541A01 /* Build configuration list for PBXProject "Chameleon" */;
			compatibilityVersion = "Xcode 3.2";
			developmentRegion = English;
			hasScannedForEncodings = 0;
			knownRegions = (
				en,
				Base,
				ru,
			);
			mainGroup = 1B64A81B1A208D8D00541A01;
			productRefGroup = 1B64A8251A208D8D00541A01 /* Products */;
			projectDirPath = "";
			projectRoot = "";
			targets = (
				1B64A8231A208D8D00541A01 /* Chameleon */,
				1B64A83C1A208D8D00541A01 /* ChameleonTests */,
			);
		};
/* End PBXProject section */

/* Begin PBXResourcesBuildPhase section */
		1B64A8221A208D8D00541A01 /* Resources */ = {
			isa = PBXResourcesBuildPhase;
			buildActionMask = 2147483647;
			files = (
				1BB622961A35E514008BFC65 /* LaunchScreen.xib in Resources */,
				1BB69AB71A3C5E8000629729 /* AddBankByURLFormStrings.strings in Resources */,
				1BB610511A25C3DE0096F7D4 /* BankCardViewController.xib in Resources */,
				1B64A8331A208D8D00541A01 /* Main.storyboard in Resources */,
				1BBA5EC01A3944A70072672B /* NoBanksLoginForm.xib in Resources */,
				1BBA5ED41A396EA50072672B /* config.plist in Resources */,
				1BBA5ECF1A3968F90072672B /* SelectAddBankFormStrings.strings in Resources */,
				1B64A8351A208D8D00541A01 /* Images.xcassets in Resources */,
				1BB69AA81A3C58F800629729 /* AddBankByURLForm.xib in Resources */,
				1BBA5EB91A3943B10072672B /* SelectAddBankForm.xib in Resources */,
			);
			runOnlyForDeploymentPostprocessing = 0;
		};
		1B64A83B1A208D8D00541A01 /* Resources */ = {
			isa = PBXResourcesBuildPhase;
			buildActionMask = 2147483647;
			files = (
			);
			runOnlyForDeploymentPostprocessing = 0;
		};
/* End PBXResourcesBuildPhase section */

/* Begin PBXSourcesBuildPhase section */
		1B64A8201A208D8D00541A01 /* Sources */ = {
			isa = PBXSourcesBuildPhase;
			buildActionMask = 2147483647;
			files = (
				1B64A8301A208D8D00541A01 /* ViewController.m in Sources */,
				1BB6109B1A25C5980096F7D4 /* DataType.m in Sources */,
				1BAC18391A2AD94E00A45FAF /* NoBanksLoginForm.m in Sources */,
				1BB22A7F1A3EBB8800F758D3 /* PingRequest.m in Sources */,
				1BB70BFE1A36C291007711D3 /* HierarchicalXMLParser.m in Sources */,
				1BB70C041A36E0DE007711D3 /* XMLAnswer.m in Sources */,
				1BAF77511A348A39009CEEF9 /* BSConnection.m in Sources */,
				1BAC183D1A2B460000A45FAF /* GradientBackground.m in Sources */,
				1BB6109C1A25C5980096F7D4 /* Field.m in Sources */,
				1BC543941A2EF09F002AE8A3 /* SelectAddBankForm.m in Sources */,
				1BF6DADF1A38370700482F7A /* BankImageFromCatalogRequest.m in Sources */,
				1BAF77711A34B2F9009CEEF9 /* BankListFromCatalogRequest.m in Sources */,
				1BB6109D1A25C5980096F7D4 /* Value.m in Sources */,
				1B64A82D1A208D8D00541A01 /* AppDelegate.m in Sources */,
				1BB6103C1A25AAE30096F7D4 /* ExtendedHitAreaViewContainer.m in Sources */,
				1BB6109A1A25C5980096F7D4 /* CustomRecord.m in Sources */,
				1BADCAED1A2746E1007148B0 /* Bank.m in Sources */,
				1BB22A821A3EBC8000F758D3 /* PingAnswer.m in Sources */,
				1BB8BF111A2843C00063E1AB /* BankConnection.m in Sources */,
				1BB70BFB1A36A875007711D3 /* CatalogBankInfo.m in Sources */,
				1BBF6D371A3AD69C00CE6797 /* AddBankByURLForm.m in Sources */,
				1BAD2BD41A357B7700AF7294 /* XMLWriter.m in Sources */,
				1BAD2BD71A357BBC00AF7294 /* XSWINodeWriter.m in Sources */,
				1BB8BF171A2843F80063E1AB /* Answer.m in Sources */,
				1BB70BF81A36A45E007711D3 /* BankListFromCatalogAnswer.m in Sources */,
				1BF6DADC1A3836E100482F7A /* BankImageFromCatalogAnswer.m in Sources */,
				1B64A82A1A208D8D00541A01 /* main.m in Sources */,
				1BB610981A25C5980096F7D4 /* CustomField.m in Sources */,
				1BB610501A25C3DE0096F7D4 /* BankCardViewController.m in Sources */,
				1BB610A01A25C6070096F7D4 /* FieldDescription.m in Sources */,
				1BB8BF0D1A283A710063E1AB /* Application.m in Sources */,
				1BADCAF01A274A11007148B0 /* BankList.m in Sources */,
				1BAD2BCD1A3569E500AF7294 /* XMLRequest.m in Sources */,
				1BB610991A25C5980096F7D4 /* CustomizableEntity.m in Sources */,
				1BB610541A25C49D0096F7D4 /* BankCard.m in Sources */,
				1BB8BF141A2843E80063E1AB /* Request.m in Sources */,
			);
			runOnlyForDeploymentPostprocessing = 0;
		};
		1B64A8391A208D8D00541A01 /* Sources */ = {
			isa = PBXSourcesBuildPhase;
			buildActionMask = 2147483647;
			files = (
				1B64A8441A208D8D00541A01 /* ChameleonTests.m in Sources */,
			);
			runOnlyForDeploymentPostprocessing = 0;
		};
/* End PBXSourcesBuildPhase section */

/* Begin PBXTargetDependency section */
		1B64A83F1A208D8D00541A01 /* PBXTargetDependency */ = {
			isa = PBXTargetDependency;
			target = 1B64A8231A208D8D00541A01 /* Chameleon */;
			targetProxy = 1B64A83E1A208D8D00541A01 /* PBXContainerItemProxy */;
		};
/* End PBXTargetDependency section */

/* Begin PBXVariantGroup section */
		1B64A8311A208D8D00541A01 /* Main.storyboard */ = {
			isa = PBXVariantGroup;
			children = (
				1B64A8321A208D8D00541A01 /* Base */,
				1BBA5EB71A39433C0072672B /* ru */,
			);
			name = Main.storyboard;
			sourceTree = "<group>";
		};
		1B64A8361A208D8D00541A01 /* LaunchScreen.xib */ = {
			isa = PBXVariantGroup;
			children = (
				1B64A8371A208D8D00541A01 /* Base */,
				1BBA5EB61A3940F30072672B /* en */,
			);
			name = LaunchScreen.xib;
			sourceTree = "<group>";
		};
		1BB69AAA1A3C58F800629729 /* AddBankByURLForm.xib */ = {
			isa = PBXVariantGroup;
			children = (
				1BB69AA91A3C58F800629729 /* Base */,
				1BB69AAC1A3C58FB00629729 /* en */,
			);
			name = AddBankByURLForm.xib;
			sourceTree = "<group>";
		};
		1BB69AB91A3C5E8000629729 /* AddBankByURLFormStrings.strings */ = {
			isa = PBXVariantGroup;
			children = (
				1BB69AB81A3C5E8000629729 /* Base */,
				1BB69ABA1A3C5E8200629729 /* en */,
			);
			name = AddBankByURLFormStrings.strings;
			sourceTree = "<group>";
		};
		1BBA5EBB1A3943B10072672B /* SelectAddBankForm.xib */ = {
			isa = PBXVariantGroup;
			children = (
				1BBA5EBA1A3943B10072672B /* Base */,
				1BBA5EBD1A3943BE0072672B /* en */,
			);
			name = SelectAddBankForm.xib;
			sourceTree = "<group>";
		};
		1BBA5EC21A3944A70072672B /* NoBanksLoginForm.xib */ = {
			isa = PBXVariantGroup;
			children = (
				1BBA5EC11A3944A70072672B /* Base */,
				1BBA5EC41A3944AB0072672B /* en */,
			);
			name = NoBanksLoginForm.xib;
			sourceTree = "<group>";
		};
		1BBA5ED11A3968F90072672B /* SelectAddBankFormStrings.strings */ = {
			isa = PBXVariantGroup;
			children = (
				1BBA5ED01A3968F90072672B /* Base */,
				1BBA5ED21A3968FB0072672B /* en */,
			);
			name = SelectAddBankFormStrings.strings;
			sourceTree = "<group>";
		};
/* End PBXVariantGroup section */

/* Begin XCBuildConfiguration section */
		1B64A8451A208D8D00541A01 /* Debug */ = {
			isa = XCBuildConfiguration;
			buildSettings = {
				ALWAYS_SEARCH_USER_PATHS = NO;
				CLANG_CXX_LANGUAGE_STANDARD = "gnu++0x";
				CLANG_CXX_LIBRARY = "libc++";
				CLANG_ENABLE_MODULES = YES;
				CLANG_ENABLE_OBJC_ARC = YES;
				CLANG_WARN_BOOL_CONVERSION = YES;
				CLANG_WARN_CONSTANT_CONVERSION = YES;
				CLANG_WARN_DIRECT_OBJC_ISA_USAGE = YES_ERROR;
				CLANG_WARN_EMPTY_BODY = YES;
				CLANG_WARN_ENUM_CONVERSION = YES;
				CLANG_WARN_INT_CONVERSION = YES;
				CLANG_WARN_OBJC_ROOT_CLASS = YES_ERROR;
				CLANG_WARN_UNREACHABLE_CODE = YES;
				CLANG_WARN__DUPLICATE_METHOD_MATCH = YES;
				"CODE_SIGN_IDENTITY[sdk=iphoneos*]" = "iPhone Developer";
				COPY_PHASE_STRIP = NO;
				ENABLE_STRICT_OBJC_MSGSEND = YES;
				GCC_C_LANGUAGE_STANDARD = gnu99;
				GCC_DYNAMIC_NO_PIC = NO;
				GCC_OPTIMIZATION_LEVEL = 0;
				GCC_PREPROCESSOR_DEFINITIONS = (
					"DEBUG=1",
					"$(inherited)",
				);
				GCC_SYMBOLS_PRIVATE_EXTERN = NO;
				GCC_WARN_64_TO_32_BIT_CONVERSION = YES;
				GCC_WARN_ABOUT_RETURN_TYPE = YES_ERROR;
				GCC_WARN_UNDECLARED_SELECTOR = YES;
				GCC_WARN_UNINITIALIZED_AUTOS = YES_AGGRESSIVE;
				GCC_WARN_UNUSED_FUNCTION = YES;
				GCC_WARN_UNUSED_VARIABLE = YES;
				IPHONEOS_DEPLOYMENT_TARGET = 8.1;
				MTL_ENABLE_DEBUG_INFO = YES;
				ONLY_ACTIVE_ARCH = YES;
				PRODUCT_NAME = "Хамелеон";
				SDKROOT = iphoneos;
				TARGETED_DEVICE_FAMILY = "1,2";
			};
			name = Debug;
		};
		1B64A8461A208D8D00541A01 /* Release */ = {
			isa = XCBuildConfiguration;
			buildSettings = {
				ALWAYS_SEARCH_USER_PATHS = NO;
				CLANG_CXX_LANGUAGE_STANDARD = "gnu++0x";
				CLANG_CXX_LIBRARY = "libc++";
				CLANG_ENABLE_MODULES = YES;
				CLANG_ENABLE_OBJC_ARC = YES;
				CLANG_WARN_BOOL_CONVERSION = YES;
				CLANG_WARN_CONSTANT_CONVERSION = YES;
				CLANG_WARN_DIRECT_OBJC_ISA_USAGE = YES_ERROR;
				CLANG_WARN_EMPTY_BODY = YES;
				CLANG_WARN_ENUM_CONVERSION = YES;
				CLANG_WARN_INT_CONVERSION = YES;
				CLANG_WARN_OBJC_ROOT_CLASS = YES_ERROR;
				CLANG_WARN_UNREACHABLE_CODE = YES;
				CLANG_WARN__DUPLICATE_METHOD_MATCH = YES;
				"CODE_SIGN_IDENTITY[sdk=iphoneos*]" = "iPhone Developer";
				COPY_PHASE_STRIP = YES;
				ENABLE_NS_ASSERTIONS = NO;
				ENABLE_STRICT_OBJC_MSGSEND = YES;
				GCC_C_LANGUAGE_STANDARD = gnu99;
				GCC_WARN_64_TO_32_BIT_CONVERSION = YES;
				GCC_WARN_ABOUT_RETURN_TYPE = YES_ERROR;
				GCC_WARN_UNDECLARED_SELECTOR = YES;
				GCC_WARN_UNINITIALIZED_AUTOS = YES_AGGRESSIVE;
				GCC_WARN_UNUSED_FUNCTION = YES;
				GCC_WARN_UNUSED_VARIABLE = YES;
				IPHONEOS_DEPLOYMENT_TARGET = 8.1;
				MTL_ENABLE_DEBUG_INFO = NO;
				SDKROOT = iphoneos;
				TARGETED_DEVICE_FAMILY = "1,2";
				VALIDATE_PRODUCT = YES;
			};
			name = Release;
		};
		1B64A8481A208D8D00541A01 /* Debug */ = {
			isa = XCBuildConfiguration;
			buildSettings = {
				ASSETCATALOG_COMPILER_APPICON_NAME = AppIcon;
				CODE_SIGN_IDENTITY = "iPhone Developer";
				INFOPLIST_FILE = Chameleon/Info.plist;
				LD_RUNPATH_SEARCH_PATHS = "$(inherited) @executable_path/Frameworks";
				PRODUCT_NAME = "$(TARGET_NAME)";
			};
			name = Debug;
		};
		1B64A8491A208D8D00541A01 /* Release */ = {
			isa = XCBuildConfiguration;
			buildSettings = {
				ASSETCATALOG_COMPILER_APPICON_NAME = AppIcon;
				CODE_SIGN_IDENTITY = "iPhone Developer";
				INFOPLIST_FILE = Chameleon/Info.plist;
				LD_RUNPATH_SEARCH_PATHS = "$(inherited) @executable_path/Frameworks";
				PRODUCT_NAME = "$(TARGET_NAME)";
			};
			name = Release;
		};
		1B64A84B1A208D8D00541A01 /* Debug */ = {
			isa = XCBuildConfiguration;
			buildSettings = {
				BUNDLE_LOADER = "$(TEST_HOST)";
				FRAMEWORK_SEARCH_PATHS = (
					"$(SDKROOT)/Developer/Library/Frameworks",
					"$(inherited)",
				);
				GCC_PREPROCESSOR_DEFINITIONS = (
					"DEBUG=1",
					"$(inherited)",
				);
				INFOPLIST_FILE = ChameleonTests/Info.plist;
				LD_RUNPATH_SEARCH_PATHS = "$(inherited) @executable_path/Frameworks @loader_path/Frameworks";
				PRODUCT_NAME = "$(TARGET_NAME)";
				TEST_HOST = "$(BUILT_PRODUCTS_DIR)/Chameleon.app/Chameleon";
			};
			name = Debug;
		};
		1B64A84C1A208D8D00541A01 /* Release */ = {
			isa = XCBuildConfiguration;
			buildSettings = {
				BUNDLE_LOADER = "$(TEST_HOST)";
				FRAMEWORK_SEARCH_PATHS = (
					"$(SDKROOT)/Developer/Library/Frameworks",
					"$(inherited)",
				);
				INFOPLIST_FILE = ChameleonTests/Info.plist;
				LD_RUNPATH_SEARCH_PATHS = "$(inherited) @executable_path/Frameworks @loader_path/Frameworks";
				PRODUCT_NAME = "$(TARGET_NAME)";
				TEST_HOST = "$(BUILT_PRODUCTS_DIR)/Chameleon.app/Chameleon";
			};
			name = Release;
		};
/* End XCBuildConfiguration section */

/* Begin XCConfigurationList section */
		1B64A81F1A208D8D00541A01 /* Build configuration list for PBXProject "Chameleon" */ = {
			isa = XCConfigurationList;
			buildConfigurations = (
				1B64A8451A208D8D00541A01 /* Debug */,
				1B64A8461A208D8D00541A01 /* Release */,
			);
			defaultConfigurationIsVisible = 0;
			defaultConfigurationName = Release;
		};
		1B64A8471A208D8D00541A01 /* Build configuration list for PBXNativeTarget "Chameleon" */ = {
			isa = XCConfigurationList;
			buildConfigurations = (
				1B64A8481A208D8D00541A01 /* Debug */,
				1B64A8491A208D8D00541A01 /* Release */,
			);
			defaultConfigurationIsVisible = 0;
			defaultConfigurationName = Release;
		};
		1B64A84A1A208D8D00541A01 /* Build configuration list for PBXNativeTarget "ChameleonTests" */ = {
			isa = XCConfigurationList;
			buildConfigurations = (
				1B64A84B1A208D8D00541A01 /* Debug */,
				1B64A84C1A208D8D00541A01 /* Release */,
			);
			defaultConfigurationIsVisible = 0;
			defaultConfigurationName = Release;
		};
/* End XCConfigurationList section */
	};
	rootObject = 1B64A81C1A208D8D00541A01 /* Project object */;
}
